
Microsoft Visual Studio Solution File, Format Version 12.00
# Visual Studio 2013
VisualStudioVersion = 12.0.21005.1
MinimumVisualStudioVersion = 10.0.40219.1
Project("{FAE04EC0-301F-11D3-BF4B-00C04F79EFBC}") = "MVCArchitecturePractice.Core", "MVCArchitecturePracticeCore\MVCArchitecturePractice.Core.csproj", "{DFAEFB6E-4A56-4905-B676-EF5C4CE15880}"
EndProject
Project("{FAE04EC0-301F-11D3-BF4B-00C04F79EFBC}") = "MVCArchitecturePractice.Data", "MVCArchitecturePracticeData\MVCArchitecturePractice.Data.csproj", "{BEE9F67D-2719-4C06-B4DB-8E3EFBFE93CD}"
	ProjectSection(ProjectDependencies) = postProject
		{DFAEFB6E-4A56-4905-B676-EF5C4CE15880} = {DFAEFB6E-4A56-4905-B676-EF5C4CE15880}
	EndProjectSection
EndProject
Project("{FAE04EC0-301F-11D3-BF4B-00C04F79EFBC}") = "MVCArchitecturePractice.Web", "MVCArchitecturePractice.Web\MVCArchitecturePractice.Web.csproj", "{63270B69-8FFE-4BC6-AFBF-3788548B0ECA}"
	ProjectSection(ProjectDependencies) = postProject
		{D551BF24-EB69-4E24-8F6B-14C642CF9FFA} = {D551BF24-EB69-4E24-8F6B-14C642CF9FFA}
		{DFAEFB6E-4A56-4905-B676-EF5C4CE15880} = {DFAEFB6E-4A56-4905-B676-EF5C4CE15880}
		{BEE9F67D-2719-4C06-B4DB-8E3EFBFE93CD} = {BEE9F67D-2719-4C06-B4DB-8E3EFBFE93CD}
	EndProjectSection
EndProject
Project("{FAE04EC0-301F-11D3-BF4B-00C04F79EFBC}") = "MVCArchitecturePractice.Service", "MVCArchitecturePractice.Service\MVCArchitecturePractice.Service.csproj", "{D551BF24-EB69-4E24-8F6B-14C642CF9FFA}"
	ProjectSection(ProjectDependencies) = postProject
		{DFAEFB6E-4A56-4905-B676-EF5C4CE15880} = {DFAEFB6E-4A56-4905-B676-EF5C4CE15880}
		{BEE9F67D-2719-4C06-B4DB-8E3EFBFE93CD} = {BEE9F67D-2719-4C06-B4DB-8E3EFBFE93CD}
	EndProjectSection
EndProject
Global
	GlobalSection(SolutionConfigurationPlatforms) = preSolution
		Debug|Any CPU = Debug|Any CPU
		Release|Any CPU = Release|Any CPU
	EndGlobalSection
	GlobalSection(ProjectConfigurationPlatforms) = postSolution
		{DFAEFB6E-4A56-4905-B676-EF5C4CE15880}.Debug|Any CPU.ActiveCfg = Debug|Any CPU
		{DFAEFB6E-4A56-4905-B676-EF5C4CE15880}.Debug|Any CPU.Build.0 = Debug|Any CPU
		{DFAEFB6E-4A56-4905-B676-EF5C4CE15880}.Release|Any CPU.ActiveCfg = Release|Any CPU
		{DFAEFB6E-4A56-4905-B676-EF5C4CE15880}.Release|Any CPU.Build.0 = Release|Any CPU
		{BEE9F67D-2719-4C06-B4DB-8E3EFBFE93CD}.Debug|Any CPU.ActiveCfg = Debug|Any CPU
		{BEE9F67D-2719-4C06-B4DB-8E3EFBFE93CD}.Debug|Any CPU.Build.0 = Debug|Any CPU
		{BEE9F67D-2719-4C06-B4DB-8E3EFBFE93CD}.Release|Any CPU.ActiveCfg = Release|Any CPU
		{BEE9F67D-2719-4C06-B4DB-8E3EFBFE93CD}.Release|Any CPU.Build.0 = Release|Any CPU
		{63270B69-8FFE-4BC6-AFBF-3788548B0ECA}.Debug|Any CPU.ActiveCfg = Debug|Any CPU
		{63270B69-8FFE-4BC6-AFBF-3788548B0ECA}.Debug|Any CPU.Build.0 = Debug|Any CPU
		{63270B69-8FFE-4BC6-AFBF-3788548B0ECA}.Release|Any CPU.ActiveCfg = Release|Any CPU
		{63270B69-8FFE-4BC6-AFBF-3788548B0ECA}.Release|Any CPU.Build.0 = Release|Any CPU
		{D551BF24-EB69-4E24-8F6B-14C642CF9FFA}.Debug|Any CPU.ActiveCfg = Debug|Any CPU
		{D551BF24-EB69-4E24-8F6B-14C642CF9FFA}.Debug|Any CPU.Build.0 = Debug|Any CPU
		{D551BF24-EB69-4E24-8F6B-14C642CF9FFA}.Release|Any CPU.ActiveCfg = Release|Any CPU
		{D551BF24-EB69-4E24-8F6B-14C642CF9FFA}.Release|Any CPU.Build.0 = Release|Any CPU
	EndGlobalSection
	GlobalSection(SolutionProperties) = preSolution
		HideSolutionNode = FALSE
	EndGlobalSection
EndGlobal
