
Microsoft Visual Studio Solution File, Format Version 12.00
# Visual Studio 2013
VisualStudioVersion = 12.0.21005.1
MinimumVisualStudioVersion = 10.0.40219.1
Project("{FAE04EC0-301F-11D3-BF4B-00C04F79EFBC}") = "MVCArchitecturePractice.Web", "MVCArchitecturePractice.Web\MVCArchitecturePractice.Web.csproj", "{63270B69-8FFE-4BC6-AFBF-3788548B0ECA}"
	ProjectSection(ProjectDependencies) = postProject
		{934E8A0A-A55D-4FCA-88F1-C5A12C346D7C} = {934E8A0A-A55D-4FCA-88F1-C5A12C346D7C}
		{D551BF24-EB69-4E24-8F6B-14C642CF9FFA} = {D551BF24-EB69-4E24-8F6B-14C642CF9FFA}
		{780CBB35-830D-4DD4-BC88-132BF00911C3} = {780CBB35-830D-4DD4-BC88-132BF00911C3}
		{C5B79062-C893-4959-BA0A-374DCA5ED437} = {C5B79062-C893-4959-BA0A-374DCA5ED437}
		{03631472-262E-459E-B5F5-1944AB72647E} = {03631472-262E-459E-B5F5-1944AB72647E}
		{7D02A37B-BF3B-4790-BE09-83D487B9CD9D} = {7D02A37B-BF3B-4790-BE09-83D487B9CD9D}
		{E4A3E28C-D3E9-4006-A53C-D600445BC27D} = {E4A3E28C-D3E9-4006-A53C-D600445BC27D}
		{D09EF994-2ECA-4C63-B0BD-38CC21FBC7B6} = {D09EF994-2ECA-4C63-B0BD-38CC21FBC7B6}
		{FBA290AF-83E3-4179-B298-2B227FA069C4} = {FBA290AF-83E3-4179-B298-2B227FA069C4}
		{B27400BD-6F79-472F-A600-9ABC4A40F7BA} = {B27400BD-6F79-472F-A600-9ABC4A40F7BA}
	EndProjectSection
EndProject
Project("{FAE04EC0-301F-11D3-BF4B-00C04F79EFBC}") = "MVCArchitecturePractice.Commom", "MVCArchitecturePractice.Common\MVCArchitecturePractice.Commom.csproj", "{C5B79062-C893-4959-BA0A-374DCA5ED437}"
EndProject
Project("{2150E333-8FDC-42A3-9474-1A3956D46DE8}") = "Data", "Data", "{C4E4B1C4-F672-483B-A64D-A36D8F27F11D}"
EndProject
Project("{FAE04EC0-301F-11D3-BF4B-00C04F79EFBC}") = "MVCArchitecturePractice.Data", "MVCArchitecturePractice.Data\MVCArchitecturePractice.Data.csproj", "{7D02A37B-BF3B-4790-BE09-83D487B9CD9D}"
	ProjectSection(ProjectDependencies) = postProject
		{780CBB35-830D-4DD4-BC88-132BF00911C3} = {780CBB35-830D-4DD4-BC88-132BF00911C3}
		{C5B79062-C893-4959-BA0A-374DCA5ED437} = {C5B79062-C893-4959-BA0A-374DCA5ED437}
		{03631472-262E-459E-B5F5-1944AB72647E} = {03631472-262E-459E-B5F5-1944AB72647E}
		{E4A3E28C-D3E9-4006-A53C-D600445BC27D} = {E4A3E28C-D3E9-4006-A53C-D600445BC27D}
		{D09EF994-2ECA-4C63-B0BD-38CC21FBC7B6} = {D09EF994-2ECA-4C63-B0BD-38CC21FBC7B6}
		{FBA290AF-83E3-4179-B298-2B227FA069C4} = {FBA290AF-83E3-4179-B298-2B227FA069C4}
		{B27400BD-6F79-472F-A600-9ABC4A40F7BA} = {B27400BD-6F79-472F-A600-9ABC4A40F7BA}
	EndProjectSection
EndProject
Project("{FAE04EC0-301F-11D3-BF4B-00C04F79EFBC}") = "MVCArchitecturePractice.Data.Contrast", "MVCArchitecturePractice.Data.Contrast\MVCArchitecturePractice.Data.Contrast.csproj", "{D09EF994-2ECA-4C63-B0BD-38CC21FBC7B6}"
	ProjectSection(ProjectDependencies) = postProject
		{780CBB35-830D-4DD4-BC88-132BF00911C3} = {780CBB35-830D-4DD4-BC88-132BF00911C3}
		{C5B79062-C893-4959-BA0A-374DCA5ED437} = {C5B79062-C893-4959-BA0A-374DCA5ED437}
		{03631472-262E-459E-B5F5-1944AB72647E} = {03631472-262E-459E-B5F5-1944AB72647E}
		{E4A3E28C-D3E9-4006-A53C-D600445BC27D} = {E4A3E28C-D3E9-4006-A53C-D600445BC27D}
		{FBA290AF-83E3-4179-B298-2B227FA069C4} = {FBA290AF-83E3-4179-B298-2B227FA069C4}
		{B27400BD-6F79-472F-A600-9ABC4A40F7BA} = {B27400BD-6F79-472F-A600-9ABC4A40F7BA}
	EndProjectSection
EndProject
Project("{2150E333-8FDC-42A3-9474-1A3956D46DE8}") = "Core", "Core", "{384E9CE8-A1DE-4419-BF1B-2C50C263907E}"
EndProject
Project("{FAE04EC0-301F-11D3-BF4B-00C04F79EFBC}") = "MVCArchitecturePractice.Core", "MVCArchitecturePractice.Core\MVCArchitecturePractice.Core.csproj", "{FBA290AF-83E3-4179-B298-2B227FA069C4}"
	ProjectSection(ProjectDependencies) = postProject
		{780CBB35-830D-4DD4-BC88-132BF00911C3} = {780CBB35-830D-4DD4-BC88-132BF00911C3}
		{C5B79062-C893-4959-BA0A-374DCA5ED437} = {C5B79062-C893-4959-BA0A-374DCA5ED437}
		{03631472-262E-459E-B5F5-1944AB72647E} = {03631472-262E-459E-B5F5-1944AB72647E}
		{E4A3E28C-D3E9-4006-A53C-D600445BC27D} = {E4A3E28C-D3E9-4006-A53C-D600445BC27D}
		{B27400BD-6F79-472F-A600-9ABC4A40F7BA} = {B27400BD-6F79-472F-A600-9ABC4A40F7BA}
	EndProjectSection
EndProject
Project("{FAE04EC0-301F-11D3-BF4B-00C04F79EFBC}") = "MVCArchitecturePractice.Core.Contrast", "MVCArchitecturePractice.Core.Contrast\MVCArchitecturePractice.Core.Contrast.csproj", "{B27400BD-6F79-472F-A600-9ABC4A40F7BA}"
	ProjectSection(ProjectDependencies) = postProject
		{780CBB35-830D-4DD4-BC88-132BF00911C3} = {780CBB35-830D-4DD4-BC88-132BF00911C3}
		{C5B79062-C893-4959-BA0A-374DCA5ED437} = {C5B79062-C893-4959-BA0A-374DCA5ED437}
		{03631472-262E-459E-B5F5-1944AB72647E} = {03631472-262E-459E-B5F5-1944AB72647E}
		{E4A3E28C-D3E9-4006-A53C-D600445BC27D} = {E4A3E28C-D3E9-4006-A53C-D600445BC27D}
	EndProjectSection
EndProject
Project("{2150E333-8FDC-42A3-9474-1A3956D46DE8}") = "Common", "Common", "{807133BB-F9A7-4C28-9146-03971B66A494}"
EndProject
Project("{FAE04EC0-301F-11D3-BF4B-00C04F79EFBC}") = "MVCArchitecturePractice.Common.Utils", "MVCArchitecturePractice.Common.Utils\MVCArchitecturePractice.Common.Utils.csproj", "{E4A3E28C-D3E9-4006-A53C-D600445BC27D}"
EndProject
Project("{FAE04EC0-301F-11D3-BF4B-00C04F79EFBC}") = "MVCArchitecturePractice.Common.Aop", "MVCArchitecturePractice.Common.Aop\MVCArchitecturePractice.Common.Aop.csproj", "{03631472-262E-459E-B5F5-1944AB72647E}"
	ProjectSection(ProjectDependencies) = postProject
		{E4A3E28C-D3E9-4006-A53C-D600445BC27D} = {E4A3E28C-D3E9-4006-A53C-D600445BC27D}
	EndProjectSection
EndProject
Project("{FAE04EC0-301F-11D3-BF4B-00C04F79EFBC}") = "MVCArchitecturePractice.Common.Attribute", "MVCArchitecturePractice.Common.Attribute\MVCArchitecturePractice.Common.Attribute.csproj", "{780CBB35-830D-4DD4-BC88-132BF00911C3}"
	ProjectSection(ProjectDependencies) = postProject
		{03631472-262E-459E-B5F5-1944AB72647E} = {03631472-262E-459E-B5F5-1944AB72647E}
		{E4A3E28C-D3E9-4006-A53C-D600445BC27D} = {E4A3E28C-D3E9-4006-A53C-D600445BC27D}
	EndProjectSection
EndProject
Project("{2150E333-8FDC-42A3-9474-1A3956D46DE8}") = "Service", "Service", "{408396A4-A6A2-4CD1-8BCA-D92642A88438}"
EndProject
Project("{FAE04EC0-301F-11D3-BF4B-00C04F79EFBC}") = "MVCArchitecturePractice.Service", "MVCArchitecturePractice.Service\MVCArchitecturePractice.Service.csproj", "{D551BF24-EB69-4E24-8F6B-14C642CF9FFA}"
	ProjectSection(ProjectDependencies) = postProject
		{934E8A0A-A55D-4FCA-88F1-C5A12C346D7C} = {934E8A0A-A55D-4FCA-88F1-C5A12C346D7C}
		{780CBB35-830D-4DD4-BC88-132BF00911C3} = {780CBB35-830D-4DD4-BC88-132BF00911C3}
		{C5B79062-C893-4959-BA0A-374DCA5ED437} = {C5B79062-C893-4959-BA0A-374DCA5ED437}
		{03631472-262E-459E-B5F5-1944AB72647E} = {03631472-262E-459E-B5F5-1944AB72647E}
		{7D02A37B-BF3B-4790-BE09-83D487B9CD9D} = {7D02A37B-BF3B-4790-BE09-83D487B9CD9D}
		{E4A3E28C-D3E9-4006-A53C-D600445BC27D} = {E4A3E28C-D3E9-4006-A53C-D600445BC27D}
		{D09EF994-2ECA-4C63-B0BD-38CC21FBC7B6} = {D09EF994-2ECA-4C63-B0BD-38CC21FBC7B6}
		{FBA290AF-83E3-4179-B298-2B227FA069C4} = {FBA290AF-83E3-4179-B298-2B227FA069C4}
		{B27400BD-6F79-472F-A600-9ABC4A40F7BA} = {B27400BD-6F79-472F-A600-9ABC4A40F7BA}
	EndProjectSection
EndProject
Project("{FAE04EC0-301F-11D3-BF4B-00C04F79EFBC}") = "MVCArchitecturePractice.Service.Contrast", "MVCArchitecturePractice.Service.Contrast\MVCArchitecturePractice.Service.Contrast.csproj", "{934E8A0A-A55D-4FCA-88F1-C5A12C346D7C}"
	ProjectSection(ProjectDependencies) = postProject
		{780CBB35-830D-4DD4-BC88-132BF00911C3} = {780CBB35-830D-4DD4-BC88-132BF00911C3}
		{C5B79062-C893-4959-BA0A-374DCA5ED437} = {C5B79062-C893-4959-BA0A-374DCA5ED437}
		{03631472-262E-459E-B5F5-1944AB72647E} = {03631472-262E-459E-B5F5-1944AB72647E}
		{7D02A37B-BF3B-4790-BE09-83D487B9CD9D} = {7D02A37B-BF3B-4790-BE09-83D487B9CD9D}
		{E4A3E28C-D3E9-4006-A53C-D600445BC27D} = {E4A3E28C-D3E9-4006-A53C-D600445BC27D}
		{D09EF994-2ECA-4C63-B0BD-38CC21FBC7B6} = {D09EF994-2ECA-4C63-B0BD-38CC21FBC7B6}
		{FBA290AF-83E3-4179-B298-2B227FA069C4} = {FBA290AF-83E3-4179-B298-2B227FA069C4}
		{B27400BD-6F79-472F-A600-9ABC4A40F7BA} = {B27400BD-6F79-472F-A600-9ABC4A40F7BA}
	EndProjectSection
EndProject
Project("{2150E333-8FDC-42A3-9474-1A3956D46DE8}") = "Test", "Test", "{5CA7FE8E-118F-4B7C-B5ED-1C536740E7EA}"
EndProject
Project("{2150E333-8FDC-42A3-9474-1A3956D46DE8}") = "Client", "Client", "{7A176560-0829-44AF-A686-25C278DE3AA4}"
EndProject
Project("{FAE04EC0-301F-11D3-BF4B-00C04F79EFBC}") = "MVCArchitecturePractice.Host.WebApi", "MVCArchitecturePractice.Host.WebApi\MVCArchitecturePractice.Host.WebApi.csproj", "{23FF42B6-6FC8-4407-A457-DB69CD16DEF7}"
	ProjectSection(ProjectDependencies) = postProject
		{934E8A0A-A55D-4FCA-88F1-C5A12C346D7C} = {934E8A0A-A55D-4FCA-88F1-C5A12C346D7C}
		{D551BF24-EB69-4E24-8F6B-14C642CF9FFA} = {D551BF24-EB69-4E24-8F6B-14C642CF9FFA}
		{780CBB35-830D-4DD4-BC88-132BF00911C3} = {780CBB35-830D-4DD4-BC88-132BF00911C3}
		{C5B79062-C893-4959-BA0A-374DCA5ED437} = {C5B79062-C893-4959-BA0A-374DCA5ED437}
		{03631472-262E-459E-B5F5-1944AB72647E} = {03631472-262E-459E-B5F5-1944AB72647E}
		{7D02A37B-BF3B-4790-BE09-83D487B9CD9D} = {7D02A37B-BF3B-4790-BE09-83D487B9CD9D}
		{E4A3E28C-D3E9-4006-A53C-D600445BC27D} = {E4A3E28C-D3E9-4006-A53C-D600445BC27D}
		{D09EF994-2ECA-4C63-B0BD-38CC21FBC7B6} = {D09EF994-2ECA-4C63-B0BD-38CC21FBC7B6}
		{FBA290AF-83E3-4179-B298-2B227FA069C4} = {FBA290AF-83E3-4179-B298-2B227FA069C4}
		{B27400BD-6F79-472F-A600-9ABC4A40F7BA} = {B27400BD-6F79-472F-A600-9ABC4A40F7BA}
	EndProjectSection
EndProject
Project("{FAE04EC0-301F-11D3-BF4B-00C04F79EFBC}") = "MVCArchitecturePractice.Test.Service", "MVCArchitecturePractice.Test.Service\MVCArchitecturePractice.Test.Service.csproj", "{F1CCBC0F-FF2F-47BC-AF43-0F3CCD7E5423}"
EndProject
Project("{FAE04EC0-301F-11D3-BF4B-00C04F79EFBC}") = "MVCArchitecturePractice.Test.Data", "MVCArchitecturePractice.Test.Data\MVCArchitecturePractice.Test.Data.csproj", "{5109041A-90F6-4E91-98CD-EB4E6C7EA53E}"
EndProject
Project("{2150E333-8FDC-42A3-9474-1A3956D46DE8}") = "Host", "Host", "{AEFA709B-5B0B-41C8-A2F1-812BBE0B8B42}"
EndProject
Global
	GlobalSection(SolutionConfigurationPlatforms) = preSolution
		Debug|Any CPU = Debug|Any CPU
		Release|Any CPU = Release|Any CPU
	EndGlobalSection
	GlobalSection(ProjectConfigurationPlatforms) = postSolution
		{63270B69-8FFE-4BC6-AFBF-3788548B0ECA}.Debug|Any CPU.ActiveCfg = Debug|Any CPU
		{63270B69-8FFE-4BC6-AFBF-3788548B0ECA}.Debug|Any CPU.Build.0 = Debug|Any CPU
		{63270B69-8FFE-4BC6-AFBF-3788548B0ECA}.Release|Any CPU.ActiveCfg = Release|Any CPU
		{63270B69-8FFE-4BC6-AFBF-3788548B0ECA}.Release|Any CPU.Build.0 = Release|Any CPU
		{C5B79062-C893-4959-BA0A-374DCA5ED437}.Debug|Any CPU.ActiveCfg = Debug|Any CPU
		{C5B79062-C893-4959-BA0A-374DCA5ED437}.Debug|Any CPU.Build.0 = Debug|Any CPU
		{C5B79062-C893-4959-BA0A-374DCA5ED437}.Release|Any CPU.ActiveCfg = Release|Any CPU
		{C5B79062-C893-4959-BA0A-374DCA5ED437}.Release|Any CPU.Build.0 = Release|Any CPU
		{7D02A37B-BF3B-4790-BE09-83D487B9CD9D}.Debug|Any CPU.ActiveCfg = Debug|Any CPU
		{7D02A37B-BF3B-4790-BE09-83D487B9CD9D}.Debug|Any CPU.Build.0 = Debug|Any CPU
		{7D02A37B-BF3B-4790-BE09-83D487B9CD9D}.Release|Any CPU.ActiveCfg = Release|Any CPU
		{7D02A37B-BF3B-4790-BE09-83D487B9CD9D}.Release|Any CPU.Build.0 = Release|Any CPU
		{D09EF994-2ECA-4C63-B0BD-38CC21FBC7B6}.Debug|Any CPU.ActiveCfg = Debug|Any CPU
		{D09EF994-2ECA-4C63-B0BD-38CC21FBC7B6}.Debug|Any CPU.Build.0 = Debug|Any CPU
		{D09EF994-2ECA-4C63-B0BD-38CC21FBC7B6}.Release|Any CPU.ActiveCfg = Release|Any CPU
		{D09EF994-2ECA-4C63-B0BD-38CC21FBC7B6}.Release|Any CPU.Build.0 = Release|Any CPU
		{FBA290AF-83E3-4179-B298-2B227FA069C4}.Debug|Any CPU.ActiveCfg = Debug|Any CPU
		{FBA290AF-83E3-4179-B298-2B227FA069C4}.Debug|Any CPU.Build.0 = Debug|Any CPU
		{FBA290AF-83E3-4179-B298-2B227FA069C4}.Release|Any CPU.ActiveCfg = Release|Any CPU
		{FBA290AF-83E3-4179-B298-2B227FA069C4}.Release|Any CPU.Build.0 = Release|Any CPU
		{B27400BD-6F79-472F-A600-9ABC4A40F7BA}.Debug|Any CPU.ActiveCfg = Debug|Any CPU
		{B27400BD-6F79-472F-A600-9ABC4A40F7BA}.Debug|Any CPU.Build.0 = Debug|Any CPU
		{B27400BD-6F79-472F-A600-9ABC4A40F7BA}.Release|Any CPU.ActiveCfg = Release|Any CPU
		{B27400BD-6F79-472F-A600-9ABC4A40F7BA}.Release|Any CPU.Build.0 = Release|Any CPU
		{E4A3E28C-D3E9-4006-A53C-D600445BC27D}.Debug|Any CPU.ActiveCfg = Debug|Any CPU
		{E4A3E28C-D3E9-4006-A53C-D600445BC27D}.Debug|Any CPU.Build.0 = Debug|Any CPU
		{E4A3E28C-D3E9-4006-A53C-D600445BC27D}.Release|Any CPU.ActiveCfg = Release|Any CPU
		{E4A3E28C-D3E9-4006-A53C-D600445BC27D}.Release|Any CPU.Build.0 = Release|Any CPU
		{03631472-262E-459E-B5F5-1944AB72647E}.Debug|Any CPU.ActiveCfg = Debug|Any CPU
		{03631472-262E-459E-B5F5-1944AB72647E}.Debug|Any CPU.Build.0 = Debug|Any CPU
		{03631472-262E-459E-B5F5-1944AB72647E}.Release|Any CPU.ActiveCfg = Release|Any CPU
		{03631472-262E-459E-B5F5-1944AB72647E}.Release|Any CPU.Build.0 = Release|Any CPU
		{780CBB35-830D-4DD4-BC88-132BF00911C3}.Debug|Any CPU.ActiveCfg = Debug|Any CPU
		{780CBB35-830D-4DD4-BC88-132BF00911C3}.Debug|Any CPU.Build.0 = Debug|Any CPU
		{780CBB35-830D-4DD4-BC88-132BF00911C3}.Release|Any CPU.ActiveCfg = Release|Any CPU
		{780CBB35-830D-4DD4-BC88-132BF00911C3}.Release|Any CPU.Build.0 = Release|Any CPU
		{D551BF24-EB69-4E24-8F6B-14C642CF9FFA}.Debug|Any CPU.ActiveCfg = Debug|Any CPU
		{D551BF24-EB69-4E24-8F6B-14C642CF9FFA}.Debug|Any CPU.Build.0 = Debug|Any CPU
		{D551BF24-EB69-4E24-8F6B-14C642CF9FFA}.Release|Any CPU.ActiveCfg = Release|Any CPU
		{D551BF24-EB69-4E24-8F6B-14C642CF9FFA}.Release|Any CPU.Build.0 = Release|Any CPU
		{934E8A0A-A55D-4FCA-88F1-C5A12C346D7C}.Debug|Any CPU.ActiveCfg = Debug|Any CPU
		{934E8A0A-A55D-4FCA-88F1-C5A12C346D7C}.Debug|Any CPU.Build.0 = Debug|Any CPU
		{934E8A0A-A55D-4FCA-88F1-C5A12C346D7C}.Release|Any CPU.ActiveCfg = Release|Any CPU
		{934E8A0A-A55D-4FCA-88F1-C5A12C346D7C}.Release|Any CPU.Build.0 = Release|Any CPU
		{23FF42B6-6FC8-4407-A457-DB69CD16DEF7}.Debug|Any CPU.ActiveCfg = Debug|Any CPU
		{23FF42B6-6FC8-4407-A457-DB69CD16DEF7}.Debug|Any CPU.Build.0 = Debug|Any CPU
		{23FF42B6-6FC8-4407-A457-DB69CD16DEF7}.Release|Any CPU.ActiveCfg = Release|Any CPU
		{23FF42B6-6FC8-4407-A457-DB69CD16DEF7}.Release|Any CPU.Build.0 = Release|Any CPU
		{F1CCBC0F-FF2F-47BC-AF43-0F3CCD7E5423}.Debug|Any CPU.ActiveCfg = Debug|Any CPU
		{F1CCBC0F-FF2F-47BC-AF43-0F3CCD7E5423}.Debug|Any CPU.Build.0 = Debug|Any CPU
		{F1CCBC0F-FF2F-47BC-AF43-0F3CCD7E5423}.Release|Any CPU.ActiveCfg = Release|Any CPU
		{F1CCBC0F-FF2F-47BC-AF43-0F3CCD7E5423}.Release|Any CPU.Build.0 = Release|Any CPU
		{5109041A-90F6-4E91-98CD-EB4E6C7EA53E}.Debug|Any CPU.ActiveCfg = Debug|Any CPU
		{5109041A-90F6-4E91-98CD-EB4E6C7EA53E}.Debug|Any CPU.Build.0 = Debug|Any CPU
		{5109041A-90F6-4E91-98CD-EB4E6C7EA53E}.Release|Any CPU.ActiveCfg = Release|Any CPU
		{5109041A-90F6-4E91-98CD-EB4E6C7EA53E}.Release|Any CPU.Build.0 = Release|Any CPU
	EndGlobalSection
	GlobalSection(SolutionProperties) = preSolution
		HideSolutionNode = FALSE
	EndGlobalSection
	GlobalSection(NestedProjects) = preSolution
		{C5B79062-C893-4959-BA0A-374DCA5ED437} = {807133BB-F9A7-4C28-9146-03971B66A494}
		{E4A3E28C-D3E9-4006-A53C-D600445BC27D} = {807133BB-F9A7-4C28-9146-03971B66A494}
		{03631472-262E-459E-B5F5-1944AB72647E} = {807133BB-F9A7-4C28-9146-03971B66A494}
		{780CBB35-830D-4DD4-BC88-132BF00911C3} = {807133BB-F9A7-4C28-9146-03971B66A494}
		{7D02A37B-BF3B-4790-BE09-83D487B9CD9D} = {C4E4B1C4-F672-483B-A64D-A36D8F27F11D}
		{D09EF994-2ECA-4C63-B0BD-38CC21FBC7B6} = {C4E4B1C4-F672-483B-A64D-A36D8F27F11D}
		{FBA290AF-83E3-4179-B298-2B227FA069C4} = {384E9CE8-A1DE-4419-BF1B-2C50C263907E}
		{B27400BD-6F79-472F-A600-9ABC4A40F7BA} = {384E9CE8-A1DE-4419-BF1B-2C50C263907E}
		{D551BF24-EB69-4E24-8F6B-14C642CF9FFA} = {408396A4-A6A2-4CD1-8BCA-D92642A88438}
		{934E8A0A-A55D-4FCA-88F1-C5A12C346D7C} = {408396A4-A6A2-4CD1-8BCA-D92642A88438}
		{F1CCBC0F-FF2F-47BC-AF43-0F3CCD7E5423} = {5CA7FE8E-118F-4B7C-B5ED-1C536740E7EA}
		{5109041A-90F6-4E91-98CD-EB4E6C7EA53E} = {5CA7FE8E-118F-4B7C-B5ED-1C536740E7EA}
		{23FF42B6-6FC8-4407-A457-DB69CD16DEF7} = {AEFA709B-5B0B-41C8-A2F1-812BBE0B8B42}
	EndGlobalSection
EndGlobal
